
Microsoft Visual Studio Solution File, Format Version 12.00
# Visual Studio Version 17
VisualStudioVersion = 17.4.33205.214
MinimumVisualStudioVersion = 10.0.40219.1
Project("{2150E333-8FDC-42A3-9474-1A3956D46DE8}") = "Domain", "Domain", "{8A26AC6F-7327-4D59-A7E7-E36C4C863F78}"
EndProject
Project("{9A19103F-16F7-4668-BE54-9A1E7A4F7556}") = "CineSharp.Domain", "source\Domain\CineSharp.Domain\CineSharp.Domain.csproj", "{DFA123AB-8114-4C2A-8CEB-D0ECB033035F}"
EndProject
Project("{9A19103F-16F7-4668-BE54-9A1E7A4F7556}") = "CineSharp.Domain.Core", "source\Domain\CineSharp.Domain.Core\CineSharp.Domain.Core.csproj", "{C30BAADF-5E7F-4568-AA00-DDB11F6140F3}"
EndProject
Project("{9A19103F-16F7-4668-BE54-9A1E7A4F7556}") = "CineSharp.Domain.Test", "source\Domain\CineSharp.Domain.Test\CineSharp.Domain.Test.csproj", "{C4327E36-0210-4A57-B053-F2EA26467BAB}"
EndProject
Project("{2150E333-8FDC-42A3-9474-1A3956D46DE8}") = "Apps", "Apps", "{33D77BA7-4D26-46C0-BE59-FEBA7D652707}"
EndProject
Project("{FAE04EC0-301F-11D3-BF4B-00C04F79EFBC}") = "CineSharp.Api", "source\Apps\CineSharp.Api\CineSharp.Api.csproj", "{03FB07C1-40B2-4986-90E3-4EF8F11375A9}"
EndProject
Global
	GlobalSection(SolutionConfigurationPlatforms) = preSolution
		Debug|Any CPU = Debug|Any CPU
		Release|Any CPU = Release|Any CPU
	EndGlobalSection
	GlobalSection(ProjectConfigurationPlatforms) = postSolution
		{DFA123AB-8114-4C2A-8CEB-D0ECB033035F}.Debug|Any CPU.ActiveCfg = Debug|Any CPU
		{DFA123AB-8114-4C2A-8CEB-D0ECB033035F}.Debug|Any CPU.Build.0 = Debug|Any CPU
		{DFA123AB-8114-4C2A-8CEB-D0ECB033035F}.Release|Any CPU.ActiveCfg = Release|Any CPU
		{DFA123AB-8114-4C2A-8CEB-D0ECB033035F}.Release|Any CPU.Build.0 = Release|Any CPU
		{C30BAADF-5E7F-4568-AA00-DDB11F6140F3}.Debug|Any CPU.ActiveCfg = Debug|Any CPU
		{C30BAADF-5E7F-4568-AA00-DDB11F6140F3}.Debug|Any CPU.Build.0 = Debug|Any CPU
		{C30BAADF-5E7F-4568-AA00-DDB11F6140F3}.Release|Any CPU.ActiveCfg = Release|Any CPU
		{C30BAADF-5E7F-4568-AA00-DDB11F6140F3}.Release|Any CPU.Build.0 = Release|Any CPU
		{C4327E36-0210-4A57-B053-F2EA26467BAB}.Debug|Any CPU.ActiveCfg = Debug|Any CPU
		{C4327E36-0210-4A57-B053-F2EA26467BAB}.Debug|Any CPU.Build.0 = Debug|Any CPU
		{C4327E36-0210-4A57-B053-F2EA26467BAB}.Release|Any CPU.ActiveCfg = Release|Any CPU
		{C4327E36-0210-4A57-B053-F2EA26467BAB}.Release|Any CPU.Build.0 = Release|Any CPU
		{03FB07C1-40B2-4986-90E3-4EF8F11375A9}.Debug|Any CPU.ActiveCfg = Debug|Any CPU
		{03FB07C1-40B2-4986-90E3-4EF8F11375A9}.Debug|Any CPU.Build.0 = Debug|Any CPU
		{03FB07C1-40B2-4986-90E3-4EF8F11375A9}.Release|Any CPU.ActiveCfg = Release|Any CPU
		{03FB07C1-40B2-4986-90E3-4EF8F11375A9}.Release|Any CPU.Build.0 = Release|Any CPU
	EndGlobalSection
	GlobalSection(SolutionProperties) = preSolution
		HideSolutionNode = FALSE
	EndGlobalSection
	GlobalSection(NestedProjects) = preSolution
		{DFA123AB-8114-4C2A-8CEB-D0ECB033035F} = {8A26AC6F-7327-4D59-A7E7-E36C4C863F78}
		{C30BAADF-5E7F-4568-AA00-DDB11F6140F3} = {8A26AC6F-7327-4D59-A7E7-E36C4C863F78}
		{C4327E36-0210-4A57-B053-F2EA26467BAB} = {8A26AC6F-7327-4D59-A7E7-E36C4C863F78}
		{03FB07C1-40B2-4986-90E3-4EF8F11375A9} = {33D77BA7-4D26-46C0-BE59-FEBA7D652707}
	EndGlobalSection
	GlobalSection(ExtensibilityGlobals) = postSolution
		SolutionGuid = {1ADF78F3-7BD4-4368-BF16-A52C47EAE3D4}
	EndGlobalSection
EndGlobal
